PODS:
  - Expecta (0.3.2)
  - RZAssert (1.0.0)
  - Specta (0.3.2)

DEPENDENCIES:
  - Expecta
  - RZAssert (from `../`)
  - Specta

EXTERNAL SOURCES:
  RZAssert:
    :path: ../

SPEC CHECKSUMS:
  Expecta: ee641011fe10aa1855d487b40e4976dac50ec342
  RZAssert: 6fd739b0a1330e203e5c5e2754002e1b0262c7ad
  Specta: 698a58ffa5ec948327d3b92eab50ca58d7f4fbe8

COCOAPODS: 0.35.0
