PODS:
  - Expecta (0.3.2)
  - RZAssert (0.1.0)
  - Specta (0.3.2)

DEPENDENCIES:
  - Expecta
  - RZAssert (from `../`)
  - Specta

EXTERNAL SOURCES:
  RZAssert:
    :path: ../

SPEC CHECKSUMS:
  Expecta: ee641011fe10aa1855d487b40e4976dac50ec342
  RZAssert: 811357bc06ba59be9a3f8545c2a6635e3d83b5f0
  Specta: 698a58ffa5ec948327d3b92eab50ca58d7f4fbe8

COCOAPODS: 0.35.0
